
Microsoft Visual Studio Solution File, Format Version 12.00
# Visual Studio 15
VisualStudioVersion = 15.0.26730.12
MinimumVisualStudioVersion = 10.0.40219.1
Project("{FAE04EC0-301F-11D3-BF4B-00C04F79EFBC}") = "Lab01.Android", "Lab01\Lab01.Android\Lab01.Android.csproj", "{8DBC7E8E-D427-45FB-BBCD-F2D32BAB7F9B}"
EndProject
Project("{FAE04EC0-301F-11D3-BF4B-00C04F79EFBC}") = "Lab01", "Lab01\Lab01\Lab01.csproj", "{2CEE57C0-F6A5-46FB-A7C3-CAF53F87FB05}"
EndProject
Project("{FAE04EC0-301F-11D3-BF4B-00C04F79EFBC}") = "Lab01.UWP", "Lab01\Lab01.UWP\Lab01.UWP.csproj", "{DEE62A00-C38E-49A8-9FAF-EFE235536C70}"
EndProject
Project("{FAE04EC0-301F-11D3-BF4B-00C04F79EFBC}") = "Lab01.iOS", "Lab01\Lab01.iOS\Lab01.iOS.csproj", "{77ADC7DA-B23D-46DE-8781-0024792587E8}"
EndProject
Global
	GlobalSection(SolutionConfigurationPlatforms) = preSolution
		Ad-Hoc|Any CPU = Ad-Hoc|Any CPU
		Ad-Hoc|ARM = Ad-Hoc|ARM
		Ad-Hoc|iPhone = Ad-Hoc|iPhone
		Ad-Hoc|iPhoneSimulator = Ad-Hoc|iPhoneSimulator
		Ad-Hoc|x64 = Ad-Hoc|x64
		Ad-Hoc|x86 = Ad-Hoc|x86
		AppStore|Any CPU = AppStore|Any CPU
		AppStore|ARM = AppStore|ARM
		AppStore|iPhone = AppStore|iPhone
		AppStore|iPhoneSimulator = AppStore|iPhoneSimulator
		AppStore|x64 = AppStore|x64
		AppStore|x86 = AppStore|x86
		Debug|Any CPU = Debug|Any CPU
		Debug|ARM = Debug|ARM
		Debug|iPhone = Debug|iPhone
		Debug|iPhoneSimulator = Debug|iPhoneSimulator
		Debug|x64 = Debug|x64
		Debug|x86 = Debug|x86
		Release|Any CPU = Release|Any CPU
		Release|ARM = Release|ARM
		Release|iPhone = Release|iPhone
		Release|iPhoneSimulator = Release|iPhoneSimulator
		Release|x64 = Release|x64
		Release|x86 = Release|x86
	EndGlobalSection
	GlobalSection(ProjectConfigurationPlatforms) = postSolution
		{8DBC7E8E-D427-45FB-BBCD-F2D32BAB7F9B}.Ad-Hoc|Any CPU.ActiveCfg = Release|Any CPU
		{8DBC7E8E-D427-45FB-BBCD-F2D32BAB7F9B}.Ad-Hoc|Any CPU.Build.0 = Release|Any CPU
		{8DBC7E8E-D427-45FB-BBCD-F2D32BAB7F9B}.Ad-Hoc|Any CPU.Deploy.0 = Release|Any CPU
		{8DBC7E8E-D427-45FB-BBCD-F2D32BAB7F9B}.Ad-Hoc|ARM.ActiveCfg = Release|Any CPU
		{8DBC7E8E-D427-45FB-BBCD-F2D32BAB7F9B}.Ad-Hoc|ARM.Build.0 = Release|Any CPU
		{8DBC7E8E-D427-45FB-BBCD-F2D32BAB7F9B}.Ad-Hoc|ARM.Deploy.0 = Release|Any CPU
		{8DBC7E8E-D427-45FB-BBCD-F2D32BAB7F9B}.Ad-Hoc|iPhone.ActiveCfg = Release|Any CPU
		{8DBC7E8E-D427-45FB-BBCD-F2D32BAB7F9B}.Ad-Hoc|iPhone.Build.0 = Release|Any CPU
		{8DBC7E8E-D427-45FB-BBCD-F2D32BAB7F9B}.Ad-Hoc|iPhone.Deploy.0 = Release|Any CPU
		{8DBC7E8E-D427-45FB-BBCD-F2D32BAB7F9B}.Ad-Hoc|iPhoneSimulator.ActiveCfg = Release|Any CPU
		{8DBC7E8E-D427-45FB-BBCD-F2D32BAB7F9B}.Ad-Hoc|iPhoneSimulator.Build.0 = Release|Any CPU
		{8DBC7E8E-D427-45FB-BBCD-F2D32BAB7F9B}.Ad-Hoc|iPhoneSimulator.Deploy.0 = Release|Any CPU
		{8DBC7E8E-D427-45FB-BBCD-F2D32BAB7F9B}.Ad-Hoc|x64.ActiveCfg = Release|Any CPU
		{8DBC7E8E-D427-45FB-BBCD-F2D32BAB7F9B}.Ad-Hoc|x64.Build.0 = Release|Any CPU
		{8DBC7E8E-D427-45FB-BBCD-F2D32BAB7F9B}.Ad-Hoc|x64.Deploy.0 = Release|Any CPU
		{8DBC7E8E-D427-45FB-BBCD-F2D32BAB7F9B}.Ad-Hoc|x86.ActiveCfg = Release|Any CPU
		{8DBC7E8E-D427-45FB-BBCD-F2D32BAB7F9B}.Ad-Hoc|x86.Build.0 = Release|Any CPU
		{8DBC7E8E-D427-45FB-BBCD-F2D32BAB7F9B}.Ad-Hoc|x86.Deploy.0 = Release|Any CPU
		{8DBC7E8E-D427-45FB-BBCD-F2D32BAB7F9B}.AppStore|Any CPU.ActiveCfg = Release|Any CPU
		{8DBC7E8E-D427-45FB-BBCD-F2D32BAB7F9B}.AppStore|Any CPU.Build.0 = Release|Any CPU
		{8DBC7E8E-D427-45FB-BBCD-F2D32BAB7F9B}.AppStore|Any CPU.Deploy.0 = Release|Any CPU
		{8DBC7E8E-D427-45FB-BBCD-F2D32BAB7F9B}.AppStore|ARM.ActiveCfg = Release|Any CPU
		{8DBC7E8E-D427-45FB-BBCD-F2D32BAB7F9B}.AppStore|ARM.Build.0 = Release|Any CPU
		{8DBC7E8E-D427-45FB-BBCD-F2D32BAB7F9B}.AppStore|ARM.Deploy.0 = Release|Any CPU
		{8DBC7E8E-D427-45FB-BBCD-F2D32BAB7F9B}.AppStore|iPhone.ActiveCfg = Release|Any CPU
		{8DBC7E8E-D427-45FB-BBCD-F2D32BAB7F9B}.AppStore|iPhone.Build.0 = Release|Any CPU
		{8DBC7E8E-D427-45FB-BBCD-F2D32BAB7F9B}.AppStore|iPhone.Deploy.0 = Release|Any CPU
		{8DBC7E8E-D427-45FB-BBCD-F2D32BAB7F9B}.AppStore|iPhoneSimulator.ActiveCfg = Release|Any CPU
		{8DBC7E8E-D427-45FB-BBCD-F2D32BAB7F9B}.AppStore|iPhoneSimulator.Build.0 = Release|Any CPU
		{8DBC7E8E-D427-45FB-BBCD-F2D32BAB7F9B}.AppStore|iPhoneSimulator.Deploy.0 = Release|Any CPU
		{8DBC7E8E-D427-45FB-BBCD-F2D32BAB7F9B}.AppStore|x64.ActiveCfg = Release|Any CPU
		{8DBC7E8E-D427-45FB-BBCD-F2D32BAB7F9B}.AppStore|x64.Build.0 = Release|Any CPU
		{8DBC7E8E-D427-45FB-BBCD-F2D32BAB7F9B}.AppStore|x64.Deploy.0 = Release|Any CPU
		{8DBC7E8E-D427-45FB-BBCD-F2D32BAB7F9B}.AppStore|x86.ActiveCfg = Release|Any CPU
		{8DBC7E8E-D427-45FB-BBCD-F2D32BAB7F9B}.AppStore|x86.Build.0 = Release|Any CPU
		{8DBC7E8E-D427-45FB-BBCD-F2D32BAB7F9B}.AppStore|x86.Deploy.0 = Release|Any CPU
		{8DBC7E8E-D427-45FB-BBCD-F2D32BAB7F9B}.Debug|Any CPU.ActiveCfg = Debug|Any CPU
		{8DBC7E8E-D427-45FB-BBCD-F2D32BAB7F9B}.Debug|Any CPU.Build.0 = Debug|Any CPU
		{8DBC7E8E-D427-45FB-BBCD-F2D32BAB7F9B}.Debug|Any CPU.Deploy.0 = Debug|Any CPU
		{8DBC7E8E-D427-45FB-BBCD-F2D32BAB7F9B}.Debug|ARM.ActiveCfg = Debug|Any CPU
		{8DBC7E8E-D427-45FB-BBCD-F2D32BAB7F9B}.Debug|ARM.Build.0 = Debug|Any CPU
		{8DBC7E8E-D427-45FB-BBCD-F2D32BAB7F9B}.Debug|ARM.Deploy.0 = Debug|Any CPU
		{8DBC7E8E-D427-45FB-BBCD-F2D32BAB7F9B}.Debug|iPhone.ActiveCfg = Debug|Any CPU
		{8DBC7E8E-D427-45FB-BBCD-F2D32BAB7F9B}.Debug|iPhone.Build.0 = Debug|Any CPU
		{8DBC7E8E-D427-45FB-BBCD-F2D32BAB7F9B}.Debug|iPhone.Deploy.0 = Debug|Any CPU
		{8DBC7E8E-D427-45FB-BBCD-F2D32BAB7F9B}.Debug|iPhoneSimulator.ActiveCfg = Debug|Any CPU
		{8DBC7E8E-D427-45FB-BBCD-F2D32BAB7F9B}.Debug|iPhoneSimulator.Build.0 = Debug|Any CPU
		{8DBC7E8E-D427-45FB-BBCD-F2D32BAB7F9B}.Debug|iPhoneSimulator.Deploy.0 = Debug|Any CPU
		{8DBC7E8E-D427-45FB-BBCD-F2D32BAB7F9B}.Debug|x64.ActiveCfg = Debug|Any CPU
		{8DBC7E8E-D427-45FB-BBCD-F2D32BAB7F9B}.Debug|x64.Build.0 = Debug|Any CPU
		{8DBC7E8E-D427-45FB-BBCD-F2D32BAB7F9B}.Debug|x64.Deploy.0 = Debug|Any CPU
		{8DBC7E8E-D427-45FB-BBCD-F2D32BAB7F9B}.Debug|x86.ActiveCfg = Debug|Any CPU
		{8DBC7E8E-D427-45FB-BBCD-F2D32BAB7F9B}.Debug|x86.Build.0 = Debug|Any CPU
		{8DBC7E8E-D427-45FB-BBCD-F2D32BAB7F9B}.Debug|x86.Deploy.0 = Debug|Any CPU
		{8DBC7E8E-D427-45FB-BBCD-F2D32BAB7F9B}.Release|Any CPU.ActiveCfg = Release|Any CPU
		{8DBC7E8E-D427-45FB-BBCD-F2D32BAB7F9B}.Release|Any CPU.Build.0 = Release|Any CPU
		{8DBC7E8E-D427-45FB-BBCD-F2D32BAB7F9B}.Release|Any CPU.Deploy.0 = Release|Any CPU
		{8DBC7E8E-D427-45FB-BBCD-F2D32BAB7F9B}.Release|ARM.ActiveCfg = Release|Any CPU
		{8DBC7E8E-D427-45FB-BBCD-F2D32BAB7F9B}.Release|ARM.Build.0 = Release|Any CPU
		{8DBC7E8E-D427-45FB-BBCD-F2D32BAB7F9B}.Release|ARM.Deploy.0 = Release|Any CPU
		{8DBC7E8E-D427-45FB-BBCD-F2D32BAB7F9B}.Release|iPhone.ActiveCfg = Release|Any CPU
		{8DBC7E8E-D427-45FB-BBCD-F2D32BAB7F9B}.Release|iPhone.Build.0 = Release|Any CPU
		{8DBC7E8E-D427-45FB-BBCD-F2D32BAB7F9B}.Release|iPhone.Deploy.0 = Release|Any CPU
		{8DBC7E8E-D427-45FB-BBCD-F2D32BAB7F9B}.Release|iPhoneSimulator.ActiveCfg = Release|Any CPU
		{8DBC7E8E-D427-45FB-BBCD-F2D32BAB7F9B}.Release|iPhoneSimulator.Build.0 = Release|Any CPU
		{8DBC7E8E-D427-45FB-BBCD-F2D32BAB7F9B}.Release|iPhoneSimulator.Deploy.0 = Release|Any CPU
		{8DBC7E8E-D427-45FB-BBCD-F2D32BAB7F9B}.Release|x64.ActiveCfg = Release|Any CPU
		{8DBC7E8E-D427-45FB-BBCD-F2D32BAB7F9B}.Release|x64.Build.0 = Release|Any CPU
		{8DBC7E8E-D427-45FB-BBCD-F2D32BAB7F9B}.Release|x64.Deploy.0 = Release|Any CPU
		{8DBC7E8E-D427-45FB-BBCD-F2D32BAB7F9B}.Release|x86.ActiveCfg = Release|Any CPU
		{8DBC7E8E-D427-45FB-BBCD-F2D32BAB7F9B}.Release|x86.Build.0 = Release|Any CPU
		{8DBC7E8E-D427-45FB-BBCD-F2D32BAB7F9B}.Release|x86.Deploy.0 = Release|Any CPU
		{2CEE57C0-F6A5-46FB-A7C3-CAF53F87FB05}.Ad-Hoc|Any CPU.ActiveCfg = Release|Any CPU
		{2CEE57C0-F6A5-46FB-A7C3-CAF53F87FB05}.Ad-Hoc|Any CPU.Build.0 = Release|Any CPU
		{2CEE57C0-F6A5-46FB-A7C3-CAF53F87FB05}.Ad-Hoc|ARM.ActiveCfg = Release|Any CPU
		{2CEE57C0-F6A5-46FB-A7C3-CAF53F87FB05}.Ad-Hoc|ARM.Build.0 = Release|Any CPU
		{2CEE57C0-F6A5-46FB-A7C3-CAF53F87FB05}.Ad-Hoc|iPhone.ActiveCfg = Release|Any CPU
		{2CEE57C0-F6A5-46FB-A7C3-CAF53F87FB05}.Ad-Hoc|iPhone.Build.0 = Release|Any CPU
		{2CEE57C0-F6A5-46FB-A7C3-CAF53F87FB05}.Ad-Hoc|iPhoneSimulator.ActiveCfg = Release|Any CPU
		{2CEE57C0-F6A5-46FB-A7C3-CAF53F87FB05}.Ad-Hoc|iPhoneSimulator.Build.0 = Release|Any CPU
		{2CEE57C0-F6A5-46FB-A7C3-CAF53F87FB05}.Ad-Hoc|x64.ActiveCfg = Release|Any CPU
		{2CEE57C0-F6A5-46FB-A7C3-CAF53F87FB05}.Ad-Hoc|x64.Build.0 = Release|Any CPU
		{2CEE57C0-F6A5-46FB-A7C3-CAF53F87FB05}.Ad-Hoc|x86.ActiveCfg = Release|Any CPU
		{2CEE57C0-F6A5-46FB-A7C3-CAF53F87FB05}.Ad-Hoc|x86.Build.0 = Release|Any CPU
		{2CEE57C0-F6A5-46FB-A7C3-CAF53F87FB05}.AppStore|Any CPU.ActiveCfg = Release|Any CPU
		{2CEE57C0-F6A5-46FB-A7C3-CAF53F87FB05}.AppStore|Any CPU.Build.0 = Release|Any CPU
		{2CEE57C0-F6A5-46FB-A7C3-CAF53F87FB05}.AppStore|ARM.ActiveCfg = Release|Any CPU
		{2CEE57C0-F6A5-46FB-A7C3-CAF53F87FB05}.AppStore|ARM.Build.0 = Release|Any CPU
		{2CEE57C0-F6A5-46FB-A7C3-CAF53F87FB05}.AppStore|iPhone.ActiveCfg = Release|Any CPU
		{2CEE57C0-F6A5-46FB-A7C3-CAF53F87FB05}.AppStore|iPhone.Build.0 = Release|Any CPU
		{2CEE57C0-F6A5-46FB-A7C3-CAF53F87FB05}.AppStore|iPhoneSimulator.ActiveCfg = Release|Any CPU
		{2CEE57C0-F6A5-46FB-A7C3-CAF53F87FB05}.AppStore|iPhoneSimulator.Build.0 = Release|Any CPU
		{2CEE57C0-F6A5-46FB-A7C3-CAF53F87FB05}.AppStore|x64.ActiveCfg = Release|Any CPU
		{2CEE57C0-F6A5-46FB-A7C3-CAF53F87FB05}.AppStore|x64.Build.0 = Release|Any CPU
		{2CEE57C0-F6A5-46FB-A7C3-CAF53F87FB05}.AppStore|x86.ActiveCfg = Release|Any CPU
		{2CEE57C0-F6A5-46FB-A7C3-CAF53F87FB05}.AppStore|x86.Build.0 = Release|Any CPU
		{2CEE57C0-F6A5-46FB-A7C3-CAF53F87FB05}.Debug|Any CPU.ActiveCfg = Debug|Any CPU
		{2CEE57C0-F6A5-46FB-A7C3-CAF53F87FB05}.Debug|Any CPU.Build.0 = Debug|Any CPU
		{2CEE57C0-F6A5-46FB-A7C3-CAF53F87FB05}.Debug|ARM.ActiveCfg = Debug|Any CPU
		{2CEE57C0-F6A5-46FB-A7C3-CAF53F87FB05}.Debug|ARM.Build.0 = Debug|Any CPU
		{2CEE57C0-F6A5-46FB-A7C3-CAF53F87FB05}.Debug|iPhone.ActiveCfg = Debug|Any CPU
		{2CEE57C0-F6A5-46FB-A7C3-CAF53F87FB05}.Debug|iPhone.Build.0 = Debug|Any CPU
		{2CEE57C0-F6A5-46FB-A7C3-CAF53F87FB05}.Debug|iPhoneSimulator.ActiveCfg = Debug|Any CPU
		{2CEE57C0-F6A5-46FB-A7C3-CAF53F87FB05}.Debug|iPhoneSimulator.Build.0 = Debug|Any CPU
		{2CEE57C0-F6A5-46FB-A7C3-CAF53F87FB05}.Debug|x64.ActiveCfg = Debug|Any CPU
		{2CEE57C0-F6A5-46FB-A7C3-CAF53F87FB05}.Debug|x64.Build.0 = Debug|Any CPU
		{2CEE57C0-F6A5-46FB-A7C3-CAF53F87FB05}.Debug|x86.ActiveCfg = Debug|Any CPU
		{2CEE57C0-F6A5-46FB-A7C3-CAF53F87FB05}.Debug|x86.Build.0 = Debug|Any CPU
		{2CEE57C0-F6A5-46FB-A7C3-CAF53F87FB05}.Release|Any CPU.ActiveCfg = Release|Any CPU
		{2CEE57C0-F6A5-46FB-A7C3-CAF53F87FB05}.Release|Any CPU.Build.0 = Release|Any CPU
		{2CEE57C0-F6A5-46FB-A7C3-CAF53F87FB05}.Release|ARM.ActiveCfg = Release|Any CPU
		{2CEE57C0-F6A5-46FB-A7C3-CAF53F87FB05}.Release|ARM.Build.0 = Release|Any CPU
		{2CEE57C0-F6A5-46FB-A7C3-CAF53F87FB05}.Release|iPhone.ActiveCfg = Release|Any CPU
		{2CEE57C0-F6A5-46FB-A7C3-CAF53F87FB05}.Release|iPhone.Build.0 = Release|Any CPU
		{2CEE57C0-F6A5-46FB-A7C3-CAF53F87FB05}.Release|iPhoneSimulator.ActiveCfg = Release|Any CPU
		{2CEE57C0-F6A5-46FB-A7C3-CAF53F87FB05}.Release|iPhoneSimulator.Build.0 = Release|Any CPU
		{2CEE57C0-F6A5-46FB-A7C3-CAF53F87FB05}.Release|x64.ActiveCfg = Release|Any CPU
		{2CEE57C0-F6A5-46FB-A7C3-CAF53F87FB05}.Release|x64.Build.0 = Release|Any CPU
		{2CEE57C0-F6A5-46FB-A7C3-CAF53F87FB05}.Release|x86.ActiveCfg = Release|Any CPU
		{2CEE57C0-F6A5-46FB-A7C3-CAF53F87FB05}.Release|x86.Build.0 = Release|Any CPU
		{DEE62A00-C38E-49A8-9FAF-EFE235536C70}.Ad-Hoc|Any CPU.ActiveCfg = Release|x86
		{DEE62A00-C38E-49A8-9FAF-EFE235536C70}.Ad-Hoc|Any CPU.Build.0 = Release|x86
		{DEE62A00-C38E-49A8-9FAF-EFE235536C70}.Ad-Hoc|Any CPU.Deploy.0 = Release|x86
		{DEE62A00-C38E-49A8-9FAF-EFE235536C70}.Ad-Hoc|ARM.ActiveCfg = Release|ARM
		{DEE62A00-C38E-49A8-9FAF-EFE235536C70}.Ad-Hoc|ARM.Build.0 = Release|ARM
		{DEE62A00-C38E-49A8-9FAF-EFE235536C70}.Ad-Hoc|ARM.Deploy.0 = Release|ARM
		{DEE62A00-C38E-49A8-9FAF-EFE235536C70}.Ad-Hoc|iPhone.ActiveCfg = Release|x86
		{DEE62A00-C38E-49A8-9FAF-EFE235536C70}.Ad-Hoc|iPhone.Build.0 = Release|x86
		{DEE62A00-C38E-49A8-9FAF-EFE235536C70}.Ad-Hoc|iPhone.Deploy.0 = Release|x86
		{DEE62A00-C38E-49A8-9FAF-EFE235536C70}.Ad-Hoc|iPhoneSimulator.ActiveCfg = Release|x86
		{DEE62A00-C38E-49A8-9FAF-EFE235536C70}.Ad-Hoc|iPhoneSimulator.Build.0 = Release|x86
		{DEE62A00-C38E-49A8-9FAF-EFE235536C70}.Ad-Hoc|iPhoneSimulator.Deploy.0 = Release|x86
		{DEE62A00-C38E-49A8-9FAF-EFE235536C70}.Ad-Hoc|x64.ActiveCfg = Release|x64
		{DEE62A00-C38E-49A8-9FAF-EFE235536C70}.Ad-Hoc|x64.Build.0 = Release|x64
		{DEE62A00-C38E-49A8-9FAF-EFE235536C70}.Ad-Hoc|x64.Deploy.0 = Release|x64
		{DEE62A00-C38E-49A8-9FAF-EFE235536C70}.Ad-Hoc|x86.ActiveCfg = Release|x86
		{DEE62A00-C38E-49A8-9FAF-EFE235536C70}.Ad-Hoc|x86.Build.0 = Release|x86
		{DEE62A00-C38E-49A8-9FAF-EFE235536C70}.Ad-Hoc|x86.Deploy.0 = Release|x86
		{DEE62A00-C38E-49A8-9FAF-EFE235536C70}.AppStore|Any CPU.ActiveCfg = Release|x86
		{DEE62A00-C38E-49A8-9FAF-EFE235536C70}.AppStore|Any CPU.Build.0 = Release|x86
		{DEE62A00-C38E-49A8-9FAF-EFE235536C70}.AppStore|Any CPU.Deploy.0 = Release|x86
		{DEE62A00-C38E-49A8-9FAF-EFE235536C70}.AppStore|ARM.ActiveCfg = Release|ARM
		{DEE62A00-C38E-49A8-9FAF-EFE235536C70}.AppStore|ARM.Build.0 = Release|ARM
		{DEE62A00-C38E-49A8-9FAF-EFE235536C70}.AppStore|ARM.Deploy.0 = Release|ARM
		{DEE62A00-C38E-49A8-9FAF-EFE235536C70}.AppStore|iPhone.ActiveCfg = Release|x86
		{DEE62A00-C38E-49A8-9FAF-EFE235536C70}.AppStore|iPhone.Build.0 = Release|x86
		{DEE62A00-C38E-49A8-9FAF-EFE235536C70}.AppStore|iPhone.Deploy.0 = Release|x86
		{DEE62A00-C38E-49A8-9FAF-EFE235536C70}.AppStore|iPhoneSimulator.ActiveCfg = Release|x86
		{DEE62A00-C38E-49A8-9FAF-EFE235536C70}.AppStore|iPhoneSimulator.Build.0 = Release|x86
		{DEE62A00-C38E-49A8-9FAF-EFE235536C70}.AppStore|iPhoneSimulator.Deploy.0 = Release|x86
		{DEE62A00-C38E-49A8-9FAF-EFE235536C70}.AppStore|x64.ActiveCfg = Release|x64
		{DEE62A00-C38E-49A8-9FAF-EFE235536C70}.AppStore|x64.Build.0 = Release|x64
		{DEE62A00-C38E-49A8-9FAF-EFE235536C70}.AppStore|x64.Deploy.0 = Release|x64
		{DEE62A00-C38E-49A8-9FAF-EFE235536C70}.AppStore|x86.ActiveCfg = Release|x86
		{DEE62A00-C38E-49A8-9FAF-EFE235536C70}.AppStore|x86.Build.0 = Release|x86
		{DEE62A00-C38E-49A8-9FAF-EFE235536C70}.AppStore|x86.Deploy.0 = Release|x86
		{DEE62A00-C38E-49A8-9FAF-EFE235536C70}.Debug|Any CPU.ActiveCfg = Debug|x86
		{DEE62A00-C38E-49A8-9FAF-EFE235536C70}.Debug|ARM.ActiveCfg = Debug|ARM
		{DEE62A00-C38E-49A8-9FAF-EFE235536C70}.Debug|ARM.Build.0 = Debug|ARM
		{DEE62A00-C38E-49A8-9FAF-EFE235536C70}.Debug|ARM.Deploy.0 = Debug|ARM
		{DEE62A00-C38E-49A8-9FAF-EFE235536C70}.Debug|iPhone.ActiveCfg = Debug|x86
		{DEE62A00-C38E-49A8-9FAF-EFE235536C70}.Debug|iPhoneSimulator.ActiveCfg = Debug|x86
		{DEE62A00-C38E-49A8-9FAF-EFE235536C70}.Debug|x64.ActiveCfg = Debug|x64
		{DEE62A00-C38E-49A8-9FAF-EFE235536C70}.Debug|x64.Build.0 = Debug|x64
		{DEE62A00-C38E-49A8-9FAF-EFE235536C70}.Debug|x64.Deploy.0 = Debug|x64
		{DEE62A00-C38E-49A8-9FAF-EFE235536C70}.Debug|x86.ActiveCfg = Debug|x86
		{DEE62A00-C38E-49A8-9FAF-EFE235536C70}.Debug|x86.Build.0 = Debug|x86
		{DEE62A00-C38E-49A8-9FAF-EFE235536C70}.Debug|x86.Deploy.0 = Debug|x86
		{DEE62A00-C38E-49A8-9FAF-EFE235536C70}.Release|Any CPU.ActiveCfg = Release|x86
		{DEE62A00-C38E-49A8-9FAF-EFE235536C70}.Release|ARM.ActiveCfg = Release|ARM
		{DEE62A00-C38E-49A8-9FAF-EFE235536C70}.Release|ARM.Build.0 = Release|ARM
		{DEE62A00-C38E-49A8-9FAF-EFE235536C70}.Release|ARM.Deploy.0 = Release|ARM
		{DEE62A00-C38E-49A8-9FAF-EFE235536C70}.Release|iPhone.ActiveCfg = Release|x86
		{DEE62A00-C38E-49A8-9FAF-EFE235536C70}.Release|iPhoneSimulator.ActiveCfg = Release|x86
		{DEE62A00-C38E-49A8-9FAF-EFE235536C70}.Release|x64.ActiveCfg = Release|x64
		{DEE62A00-C38E-49A8-9FAF-EFE235536C70}.Release|x64.Build.0 = Release|x64
		{DEE62A00-C38E-49A8-9FAF-EFE235536C70}.Release|x64.Deploy.0 = Release|x64
		{DEE62A00-C38E-49A8-9FAF-EFE235536C70}.Release|x86.ActiveCfg = Release|x86
		{DEE62A00-C38E-49A8-9FAF-EFE235536C70}.Release|x86.Build.0 = Release|x86
		{DEE62A00-C38E-49A8-9FAF-EFE235536C70}.Release|x86.Deploy.0 = Release|x86
		{77ADC7DA-B23D-46DE-8781-0024792587E8}.Ad-Hoc|Any CPU.ActiveCfg = Ad-Hoc|iPhone
		{77ADC7DA-B23D-46DE-8781-0024792587E8}.Ad-Hoc|ARM.ActiveCfg = Ad-Hoc|iPhone
		{77ADC7DA-B23D-46DE-8781-0024792587E8}.Ad-Hoc|iPhone.ActiveCfg = Ad-Hoc|iPhone
		{77ADC7DA-B23D-46DE-8781-0024792587E8}.Ad-Hoc|iPhone.Build.0 = Ad-Hoc|iPhone
		{77ADC7DA-B23D-46DE-8781-0024792587E8}.Ad-Hoc|iPhoneSimulator.ActiveCfg = Ad-Hoc|iPhoneSimulator
		{77ADC7DA-B23D-46DE-8781-0024792587E8}.Ad-Hoc|iPhoneSimulator.Build.0 = Ad-Hoc|iPhoneSimulator
		{77ADC7DA-B23D-46DE-8781-0024792587E8}.Ad-Hoc|x64.ActiveCfg = Ad-Hoc|iPhone
		{77ADC7DA-B23D-46DE-8781-0024792587E8}.Ad-Hoc|x86.ActiveCfg = Ad-Hoc|iPhone
		{77ADC7DA-B23D-46DE-8781-0024792587E8}.AppStore|Any CPU.ActiveCfg = AppStore|iPhone
		{77ADC7DA-B23D-46DE-8781-0024792587E8}.AppStore|ARM.ActiveCfg = AppStore|iPhone
		{77ADC7DA-B23D-46DE-8781-0024792587E8}.AppStore|iPhone.ActiveCfg = AppStore|iPhone
		{77ADC7DA-B23D-46DE-8781-0024792587E8}.AppStore|iPhone.Build.0 = AppStore|iPhone
		{77ADC7DA-B23D-46DE-8781-0024792587E8}.AppStore|iPhoneSimulator.ActiveCfg = AppStore|iPhoneSimulator
		{77ADC7DA-B23D-46DE-8781-0024792587E8}.AppStore|iPhoneSimulator.Build.0 = AppStore|iPhoneSimulator
		{77ADC7DA-B23D-46DE-8781-0024792587E8}.AppStore|x64.ActiveCfg = AppStore|iPhone
		{77ADC7DA-B23D-46DE-8781-0024792587E8}.AppStore|x86.ActiveCfg = AppStore|iPhone
		{77ADC7DA-B23D-46DE-8781-0024792587E8}.Debug|Any CPU.ActiveCfg = Debug|iPhone
		{77ADC7DA-B23D-46DE-8781-0024792587E8}.Debug|ARM.ActiveCfg = Debug|iPhone
		{77ADC7DA-B23D-46DE-8781-0024792587E8}.Debug|iPhone.ActiveCfg = Debug|iPhone
		{77ADC7DA-B23D-46DE-8781-0024792587E8}.Debug|iPhone.Build.0 = Debug|iPhone
		{77ADC7DA-B23D-46DE-8781-0024792587E8}.Debug|iPhoneSimulator.ActiveCfg = Debug|iPhoneSimulator
		{77ADC7DA-B23D-46DE-8781-0024792587E8}.Debug|iPhoneSimulator.Build.0 = Debug|iPhoneSimulator
		{77ADC7DA-B23D-46DE-8781-0024792587E8}.Debug|x64.ActiveCfg = Debug|iPhone
		{77ADC7DA-B23D-46DE-8781-0024792587E8}.Debug|x86.ActiveCfg = Debug|iPhone
		{77ADC7DA-B23D-46DE-8781-0024792587E8}.Release|Any CPU.ActiveCfg = Release|iPhone
		{77ADC7DA-B23D-46DE-8781-0024792587E8}.Release|ARM.ActiveCfg = Release|iPhone
		{77ADC7DA-B23D-46DE-8781-0024792587E8}.Release|iPhone.ActiveCfg = Release|iPhone
		{77ADC7DA-B23D-46DE-8781-0024792587E8}.Release|iPhone.Build.0 = Release|iPhone
		{77ADC7DA-B23D-46DE-8781-0024792587E8}.Release|iPhoneSimulator.ActiveCfg = Release|iPhoneSimulator
		{77ADC7DA-B23D-46DE-8781-0024792587E8}.Release|iPhoneSimulator.Build.0 = Release|iPhoneSimulator
		{77ADC7DA-B23D-46DE-8781-0024792587E8}.Release|x64.ActiveCfg = Release|iPhone
		{77ADC7DA-B23D-46DE-8781-0024792587E8}.Release|x86.ActiveCfg = Release|iPhone
	EndGlobalSection
	GlobalSection(SolutionProperties) = preSolution
		HideSolutionNode = FALSE
	EndGlobalSection
	GlobalSection(ExtensibilityGlobals) = postSolution
		SolutionGuid = {67BF5C0E-425A-4C6D-AB83-01C5D2C93F46}
	EndGlobalSection
EndGlobal
